
Microsoft Visual Studio Solution File, Format Version 11.00
# Visual Studio 2010
Project("{FAE04EC0-301F-11D3-BF4B-00C04F79EFBC}") = "Assembly-CSharp", "Assembly-CSharp.csproj", "{A13CB1A8-5FDD-4EE4-DDE2-D3BA05C7E634}"
EndProject
Global
	GlobalSection(SolutionConfigurationPlatforms) = preSolution
		Debug|Any CPU = Debug|Any CPU
		Release|Any CPU = Release|Any CPU
	EndGlobalSection
	GlobalSection(ProjectConfigurationPlatforms) = postSolution
		{A13CB1A8-5FDD-4EE4-DDE2-D3BA05C7E634}.Debug|Any CPU.ActiveCfg = Debug|Any CPU
		{A13CB1A8-5FDD-4EE4-DDE2-D3BA05C7E634}.Debug|Any CPU.Build.0 = Debug|Any CPU
		{A13CB1A8-5FDD-4EE4-DDE2-D3BA05C7E634}.Release|Any CPU.ActiveCfg = Release|Any CPU
		{A13CB1A8-5FDD-4EE4-DDE2-D3BA05C7E634}.Release|Any CPU.Build.0 = Release|Any CPU
	EndGlobalSection
	GlobalSection(SolutionProperties) = preSolution
		HideSolutionNode = FALSE
	EndGlobalSection
EndGlobal
